
Microsoft Visual Studio Solution File, Format Version 12.00
# Visual Studio 15
Project("{2150E333-8FDC-42A3-9474-1A3956D46DE8}") = "0_Domain", "0_Domain", "{C1190153-6667-4819-97DF-B75E713E7500}"
EndProject
Project("{2150E333-8FDC-42A3-9474-1A3956D46DE8}") = "1_Tests", "1_Tests", "{38F0617A-21D4-4BAC-A044-B4793C9A48FC}"
EndProject
Project("{2150E333-8FDC-42A3-9474-1A3956D46DE8}") = "2_Infra", "2_Infra", "{17EC4717-DC77-412E-8F7C-DA2EBC1285FF}"
EndProject
Project("{2150E333-8FDC-42A3-9474-1A3956D46DE8}") = "3_App", "3_App", "{401D3DDB-5FD4-423D-B137-AE5F27E62839}"
EndProject
Project("{2150E333-8FDC-42A3-9474-1A3956D46DE8}") = "4_API", "4_API", "{AA112E07-58E5-4EEF-A8C4-116E77F0CB6B}"
EndProject
Project("{2150E333-8FDC-42A3-9474-1A3956D46DE8}") = "5_Presentation", "5_Presentation", "{25747252-BB21-445E-88FC-64739F47651B}"
EndProject
Project("{FAE04EC0-301F-11D3-BF4B-00C04F79EFBC}") = "Teste.Domain", "Teste.Domain\Teste.Domain.csproj", "{CCB4CE6F-DDBF-4385-90F8-A6A2AEB9F75B}"
EndProject
Project("{2150E333-8FDC-42A3-9474-1A3956D46DE8}") = "2.1_CrossCutting", "2.1_CrossCutting", "{943BBC77-B72D-4209-9B3B-8CE6BE701A6F}"
EndProject
Project("{2150E333-8FDC-42A3-9474-1A3956D46DE8}") = "2.2_Data", "2.2_Data", "{11E70052-1CF3-4443-A283-713C88D47456}"
EndProject
Project("{FAE04EC0-301F-11D3-BF4B-00C04F79EFBC}") = "Teste.Infra.Data", "Teste.Infra.Data\Teste.Infra.Data.csproj", "{5D56CBF6-D63C-4279-B22E-4D9B5FFF480E}"
EndProject
Project("{FAE04EC0-301F-11D3-BF4B-00C04F79EFBC}") = "Teste.App", "Teste.App\Teste.App.csproj", "{B8D91D86-4E7F-45DA-96F7-5CA79EE27B06}"
EndProject
Project("{FAE04EC0-301F-11D3-BF4B-00C04F79EFBC}") = "Teste.API", "Teste.API\Teste.API.csproj", "{ABD52A4F-C416-45AD-A030-C7806C4E4166}"
EndProject
Global
	GlobalSection(SolutionConfigurationPlatforms) = preSolution
		Debug|x86 = Debug|x86
		Release|x86 = Release|x86
	EndGlobalSection
	GlobalSection(ProjectConfigurationPlatforms) = postSolution
		{CCB4CE6F-DDBF-4385-90F8-A6A2AEB9F75B}.Debug|x86.ActiveCfg = Debug|Any CPU
		{CCB4CE6F-DDBF-4385-90F8-A6A2AEB9F75B}.Debug|x86.Build.0 = Debug|Any CPU
		{CCB4CE6F-DDBF-4385-90F8-A6A2AEB9F75B}.Release|x86.ActiveCfg = Release|Any CPU
		{CCB4CE6F-DDBF-4385-90F8-A6A2AEB9F75B}.Release|x86.Build.0 = Release|Any CPU
		{5D56CBF6-D63C-4279-B22E-4D9B5FFF480E}.Debug|x86.ActiveCfg = Debug|Any CPU
		{5D56CBF6-D63C-4279-B22E-4D9B5FFF480E}.Debug|x86.Build.0 = Debug|Any CPU
		{5D56CBF6-D63C-4279-B22E-4D9B5FFF480E}.Release|x86.ActiveCfg = Release|Any CPU
		{5D56CBF6-D63C-4279-B22E-4D9B5FFF480E}.Release|x86.Build.0 = Release|Any CPU
		{B8D91D86-4E7F-45DA-96F7-5CA79EE27B06}.Debug|x86.ActiveCfg = Debug|Any CPU
		{B8D91D86-4E7F-45DA-96F7-5CA79EE27B06}.Debug|x86.Build.0 = Debug|Any CPU
		{B8D91D86-4E7F-45DA-96F7-5CA79EE27B06}.Release|x86.ActiveCfg = Release|Any CPU
		{B8D91D86-4E7F-45DA-96F7-5CA79EE27B06}.Release|x86.Build.0 = Release|Any CPU
		{ABD52A4F-C416-45AD-A030-C7806C4E4166}.Debug|x86.ActiveCfg = Debug|Any CPU
		{ABD52A4F-C416-45AD-A030-C7806C4E4166}.Debug|x86.Build.0 = Debug|Any CPU
		{ABD52A4F-C416-45AD-A030-C7806C4E4166}.Release|x86.ActiveCfg = Release|Any CPU
		{ABD52A4F-C416-45AD-A030-C7806C4E4166}.Release|x86.Build.0 = Release|Any CPU
	EndGlobalSection
	GlobalSection(NestedProjects) = preSolution
		{CCB4CE6F-DDBF-4385-90F8-A6A2AEB9F75B} = {C1190153-6667-4819-97DF-B75E713E7500}
		{943BBC77-B72D-4209-9B3B-8CE6BE701A6F} = {17EC4717-DC77-412E-8F7C-DA2EBC1285FF}
		{11E70052-1CF3-4443-A283-713C88D47456} = {17EC4717-DC77-412E-8F7C-DA2EBC1285FF}
		{5D56CBF6-D63C-4279-B22E-4D9B5FFF480E} = {11E70052-1CF3-4443-A283-713C88D47456}
		{B8D91D86-4E7F-45DA-96F7-5CA79EE27B06} = {401D3DDB-5FD4-423D-B137-AE5F27E62839}
		{ABD52A4F-C416-45AD-A030-C7806C4E4166} = {AA112E07-58E5-4EEF-A8C4-116E77F0CB6B}
	EndGlobalSection
EndGlobal
