
Microsoft Visual Studio Solution File, Format Version 12.00
# Visual Studio 15
VisualStudioVersion = 15.0.26124.0
MinimumVisualStudioVersion = 15.0.26124.0
Project("{2150E333-8FDC-42A3-9474-1A3956D46DE8}") = "scr", "scr", "{B66E5B8C-D14B-4AEC-A899-D4D7B3940E11}"
EndProject
Project("{2150E333-8FDC-42A3-9474-1A3956D46DE8}") = "0_Domain", "0_Domain", "{D67578F1-BA36-4EF1-852A-38F7BCDB9A55}"
EndProject
Project("{9A19103F-16F7-4668-BE54-9A1E7A4F7556}") = "ZZ_ERP.Domain", "scr\ZZ_ERP.Domain\ZZ_ERP.Domain.csproj", "{DF1CEA5A-77B1-45F1-813B-C6C09B61A17F}"
EndProject
Project("{2150E333-8FDC-42A3-9474-1A3956D46DE8}") = "1_Infra", "1_Infra", "{50F85387-982F-4632-AE32-EF9DA8C50261}"
EndProject
Project("{2150E333-8FDC-42A3-9474-1A3956D46DE8}") = "1.1_Data", "1.1_Data", "{4A71409B-1256-4A9A-8B91-E4B38A771923}"
EndProject
Project("{9A19103F-16F7-4668-BE54-9A1E7A4F7556}") = "ZZ_ERP.Infra.Data", "scr\ZZ_ERP.Infra.Data\ZZ_ERP.Infra.Data.csproj", "{49DDAECB-3C79-42BB-BEB0-567746013BD1}"
EndProject
Project("{2150E333-8FDC-42A3-9474-1A3956D46DE8}") = "1.2_CrossCutting", "1.2_CrossCutting", "{CBA4F3E6-5310-438A-ABD8-623647F3C03B}"
EndProject
Project("{9A19103F-16F7-4668-BE54-9A1E7A4F7556}") = "ZZ_ERP.Infra.CrossCutting.Connections", "scr\ZZ_ERP.Infra.CrossCutting.Conections\ZZ_ERP.Infra.CrossCutting.Connections.csproj", "{68B9D351-C1D3-4C73-8A5B-2D70304DFC02}"
EndProject
Project("{9A19103F-16F7-4668-BE54-9A1E7A4F7556}") = "ZZ_ERP.Infra.CrossCutting.DTO", "scr\ZZ_ERP.Infra.CrossCutting.DTO\ZZ_ERP.Infra.CrossCutting.DTO.csproj", "{D0ECDE6B-E086-4BC6-9092-7A5501350666}"
EndProject
Project("{2150E333-8FDC-42A3-9474-1A3956D46DE8}") = "2_Application", "2_Application", "{53B41CC6-DFC0-497D-B748-8A6AD73D1D35}"
EndProject
Project("{9A19103F-16F7-4668-BE54-9A1E7A4F7556}") = "ZZ_ERP.DataApplication", "scr\ZZ_ERP.DataApplication\ZZ_ERP.DataApplication.csproj", "{4E9A4928-201D-430F-8923-110C682C92F4}"
EndProject
Project("{2150E333-8FDC-42A3-9474-1A3956D46DE8}") = "3_API", "3_API", "{FB9045E3-0DA4-4454-B2F0-63B5E9C07B29}"
EndProject
Project("{2150E333-8FDC-42A3-9474-1A3956D46DE8}") = "4_Tests", "4_Tests", "{7742098A-B5A8-4729-9DB8-797E165F6CFB}"
EndProject
Project("{9A19103F-16F7-4668-BE54-9A1E7A4F7556}") = "TestServers", "scr\TestServers\TestServers.csproj", "{F69DF8A7-9C2B-4CAD-866D-157FC5EEF4E9}"
EndProject
Project("{9A19103F-16F7-4668-BE54-9A1E7A4F7556}") = "ZZ_ERP.API", "scr\ZZ_ERP.API\ZZ_ERP.API.csproj", "{70E61CA3-5D92-413A-BB8A-3313E6FCF435}"
EndProject
Project("{2150E333-8FDC-42A3-9474-1A3956D46DE8}") = "5_DependencyInjection", "5_DependencyInjection", "{4F45C582-62B0-4E11-9355-8C183886063B}"
EndProject
Project("{FAE04EC0-301F-11D3-BF4B-00C04F79EFBC}") = "ZZ_ERP.DependencyInjection", "scr\ZZ_ERP.DependencyInjection\ZZ_ERP.DependencyInjection.csproj", "{7EAB4550-F32C-48D8-8EAB-91FD41167032}"
EndProject
Global
	GlobalSection(SolutionConfigurationPlatforms) = preSolution
		Debug|Any CPU = Debug|Any CPU
		Debug|x64 = Debug|x64
		Debug|x86 = Debug|x86
		Release|Any CPU = Release|Any CPU
		Release|x64 = Release|x64
		Release|x86 = Release|x86
	EndGlobalSection
	GlobalSection(ProjectConfigurationPlatforms) = postSolution
		{DF1CEA5A-77B1-45F1-813B-C6C09B61A17F}.Debug|Any CPU.ActiveCfg = Debug|Any CPU
		{DF1CEA5A-77B1-45F1-813B-C6C09B61A17F}.Debug|Any CPU.Build.0 = Debug|Any CPU
		{DF1CEA5A-77B1-45F1-813B-C6C09B61A17F}.Debug|x64.ActiveCfg = Debug|Any CPU
		{DF1CEA5A-77B1-45F1-813B-C6C09B61A17F}.Debug|x64.Build.0 = Debug|Any CPU
		{DF1CEA5A-77B1-45F1-813B-C6C09B61A17F}.Debug|x86.ActiveCfg = Debug|Any CPU
		{DF1CEA5A-77B1-45F1-813B-C6C09B61A17F}.Debug|x86.Build.0 = Debug|Any CPU
		{DF1CEA5A-77B1-45F1-813B-C6C09B61A17F}.Release|Any CPU.ActiveCfg = Release|Any CPU
		{DF1CEA5A-77B1-45F1-813B-C6C09B61A17F}.Release|Any CPU.Build.0 = Release|Any CPU
		{DF1CEA5A-77B1-45F1-813B-C6C09B61A17F}.Release|x64.ActiveCfg = Release|Any CPU
		{DF1CEA5A-77B1-45F1-813B-C6C09B61A17F}.Release|x64.Build.0 = Release|Any CPU
		{DF1CEA5A-77B1-45F1-813B-C6C09B61A17F}.Release|x86.ActiveCfg = Release|Any CPU
		{DF1CEA5A-77B1-45F1-813B-C6C09B61A17F}.Release|x86.Build.0 = Release|Any CPU
		{49DDAECB-3C79-42BB-BEB0-567746013BD1}.Debug|Any CPU.ActiveCfg = Debug|Any CPU
		{49DDAECB-3C79-42BB-BEB0-567746013BD1}.Debug|Any CPU.Build.0 = Debug|Any CPU
		{49DDAECB-3C79-42BB-BEB0-567746013BD1}.Debug|x64.ActiveCfg = Debug|Any CPU
		{49DDAECB-3C79-42BB-BEB0-567746013BD1}.Debug|x64.Build.0 = Debug|Any CPU
		{49DDAECB-3C79-42BB-BEB0-567746013BD1}.Debug|x86.ActiveCfg = Debug|Any CPU
		{49DDAECB-3C79-42BB-BEB0-567746013BD1}.Debug|x86.Build.0 = Debug|Any CPU
		{49DDAECB-3C79-42BB-BEB0-567746013BD1}.Release|Any CPU.ActiveCfg = Release|Any CPU
		{49DDAECB-3C79-42BB-BEB0-567746013BD1}.Release|Any CPU.Build.0 = Release|Any CPU
		{49DDAECB-3C79-42BB-BEB0-567746013BD1}.Release|x64.ActiveCfg = Release|Any CPU
		{49DDAECB-3C79-42BB-BEB0-567746013BD1}.Release|x64.Build.0 = Release|Any CPU
		{49DDAECB-3C79-42BB-BEB0-567746013BD1}.Release|x86.ActiveCfg = Release|Any CPU
		{49DDAECB-3C79-42BB-BEB0-567746013BD1}.Release|x86.Build.0 = Release|Any CPU
		{68B9D351-C1D3-4C73-8A5B-2D70304DFC02}.Debug|Any CPU.ActiveCfg = Debug|Any CPU
		{68B9D351-C1D3-4C73-8A5B-2D70304DFC02}.Debug|Any CPU.Build.0 = Debug|Any CPU
		{68B9D351-C1D3-4C73-8A5B-2D70304DFC02}.Debug|x64.ActiveCfg = Debug|Any CPU
		{68B9D351-C1D3-4C73-8A5B-2D70304DFC02}.Debug|x64.Build.0 = Debug|Any CPU
		{68B9D351-C1D3-4C73-8A5B-2D70304DFC02}.Debug|x86.ActiveCfg = Debug|Any CPU
		{68B9D351-C1D3-4C73-8A5B-2D70304DFC02}.Debug|x86.Build.0 = Debug|Any CPU
		{68B9D351-C1D3-4C73-8A5B-2D70304DFC02}.Release|Any CPU.ActiveCfg = Release|Any CPU
		{68B9D351-C1D3-4C73-8A5B-2D70304DFC02}.Release|Any CPU.Build.0 = Release|Any CPU
		{68B9D351-C1D3-4C73-8A5B-2D70304DFC02}.Release|x64.ActiveCfg = Release|Any CPU
		{68B9D351-C1D3-4C73-8A5B-2D70304DFC02}.Release|x64.Build.0 = Release|Any CPU
		{68B9D351-C1D3-4C73-8A5B-2D70304DFC02}.Release|x86.ActiveCfg = Release|Any CPU
		{68B9D351-C1D3-4C73-8A5B-2D70304DFC02}.Release|x86.Build.0 = Release|Any CPU
		{D0ECDE6B-E086-4BC6-9092-7A5501350666}.Debug|Any CPU.ActiveCfg = Debug|Any CPU
		{D0ECDE6B-E086-4BC6-9092-7A5501350666}.Debug|Any CPU.Build.0 = Debug|Any CPU
		{D0ECDE6B-E086-4BC6-9092-7A5501350666}.Debug|x64.ActiveCfg = Debug|Any CPU
		{D0ECDE6B-E086-4BC6-9092-7A5501350666}.Debug|x64.Build.0 = Debug|Any CPU
		{D0ECDE6B-E086-4BC6-9092-7A5501350666}.Debug|x86.ActiveCfg = Debug|Any CPU
		{D0ECDE6B-E086-4BC6-9092-7A5501350666}.Debug|x86.Build.0 = Debug|Any CPU
		{D0ECDE6B-E086-4BC6-9092-7A5501350666}.Release|Any CPU.ActiveCfg = Release|Any CPU
		{D0ECDE6B-E086-4BC6-9092-7A5501350666}.Release|Any CPU.Build.0 = Release|Any CPU
		{D0ECDE6B-E086-4BC6-9092-7A5501350666}.Release|x64.ActiveCfg = Release|Any CPU
		{D0ECDE6B-E086-4BC6-9092-7A5501350666}.Release|x64.Build.0 = Release|Any CPU
		{D0ECDE6B-E086-4BC6-9092-7A5501350666}.Release|x86.ActiveCfg = Release|Any CPU
		{D0ECDE6B-E086-4BC6-9092-7A5501350666}.Release|x86.Build.0 = Release|Any CPU
		{4E9A4928-201D-430F-8923-110C682C92F4}.Debug|Any CPU.ActiveCfg = Debug|Any CPU
		{4E9A4928-201D-430F-8923-110C682C92F4}.Debug|Any CPU.Build.0 = Debug|Any CPU
		{4E9A4928-201D-430F-8923-110C682C92F4}.Debug|x64.ActiveCfg = Debug|Any CPU
		{4E9A4928-201D-430F-8923-110C682C92F4}.Debug|x64.Build.0 = Debug|Any CPU
		{4E9A4928-201D-430F-8923-110C682C92F4}.Debug|x86.ActiveCfg = Debug|Any CPU
		{4E9A4928-201D-430F-8923-110C682C92F4}.Debug|x86.Build.0 = Debug|Any CPU
		{4E9A4928-201D-430F-8923-110C682C92F4}.Release|Any CPU.ActiveCfg = Release|Any CPU
		{4E9A4928-201D-430F-8923-110C682C92F4}.Release|Any CPU.Build.0 = Release|Any CPU
		{4E9A4928-201D-430F-8923-110C682C92F4}.Release|x64.ActiveCfg = Release|Any CPU
		{4E9A4928-201D-430F-8923-110C682C92F4}.Release|x64.Build.0 = Release|Any CPU
		{4E9A4928-201D-430F-8923-110C682C92F4}.Release|x86.ActiveCfg = Release|Any CPU
		{4E9A4928-201D-430F-8923-110C682C92F4}.Release|x86.Build.0 = Release|Any CPU
		{F69DF8A7-9C2B-4CAD-866D-157FC5EEF4E9}.Debug|Any CPU.ActiveCfg = Debug|Any CPU
		{F69DF8A7-9C2B-4CAD-866D-157FC5EEF4E9}.Debug|Any CPU.Build.0 = Debug|Any CPU
		{F69DF8A7-9C2B-4CAD-866D-157FC5EEF4E9}.Debug|x64.ActiveCfg = Debug|Any CPU
		{F69DF8A7-9C2B-4CAD-866D-157FC5EEF4E9}.Debug|x64.Build.0 = Debug|Any CPU
		{F69DF8A7-9C2B-4CAD-866D-157FC5EEF4E9}.Debug|x86.ActiveCfg = Debug|Any CPU
		{F69DF8A7-9C2B-4CAD-866D-157FC5EEF4E9}.Debug|x86.Build.0 = Debug|Any CPU
		{F69DF8A7-9C2B-4CAD-866D-157FC5EEF4E9}.Release|Any CPU.ActiveCfg = Release|Any CPU
		{F69DF8A7-9C2B-4CAD-866D-157FC5EEF4E9}.Release|Any CPU.Build.0 = Release|Any CPU
		{F69DF8A7-9C2B-4CAD-866D-157FC5EEF4E9}.Release|x64.ActiveCfg = Release|Any CPU
		{F69DF8A7-9C2B-4CAD-866D-157FC5EEF4E9}.Release|x64.Build.0 = Release|Any CPU
		{F69DF8A7-9C2B-4CAD-866D-157FC5EEF4E9}.Release|x86.ActiveCfg = Release|Any CPU
		{F69DF8A7-9C2B-4CAD-866D-157FC5EEF4E9}.Release|x86.Build.0 = Release|Any CPU
		{70E61CA3-5D92-413A-BB8A-3313E6FCF435}.Debug|Any CPU.ActiveCfg = Debug|Any CPU
		{70E61CA3-5D92-413A-BB8A-3313E6FCF435}.Debug|Any CPU.Build.0 = Debug|Any CPU
		{70E61CA3-5D92-413A-BB8A-3313E6FCF435}.Debug|x64.ActiveCfg = Debug|Any CPU
		{70E61CA3-5D92-413A-BB8A-3313E6FCF435}.Debug|x64.Build.0 = Debug|Any CPU
		{70E61CA3-5D92-413A-BB8A-3313E6FCF435}.Debug|x86.ActiveCfg = Debug|Any CPU
		{70E61CA3-5D92-413A-BB8A-3313E6FCF435}.Debug|x86.Build.0 = Debug|Any CPU
		{70E61CA3-5D92-413A-BB8A-3313E6FCF435}.Release|Any CPU.ActiveCfg = Release|Any CPU
		{70E61CA3-5D92-413A-BB8A-3313E6FCF435}.Release|Any CPU.Build.0 = Release|Any CPU
		{70E61CA3-5D92-413A-BB8A-3313E6FCF435}.Release|x64.ActiveCfg = Release|Any CPU
		{70E61CA3-5D92-413A-BB8A-3313E6FCF435}.Release|x64.Build.0 = Release|Any CPU
		{70E61CA3-5D92-413A-BB8A-3313E6FCF435}.Release|x86.ActiveCfg = Release|Any CPU
		{70E61CA3-5D92-413A-BB8A-3313E6FCF435}.Release|x86.Build.0 = Release|Any CPU
		{7EAB4550-F32C-48D8-8EAB-91FD41167032}.Debug|Any CPU.ActiveCfg = Debug|Any CPU
		{7EAB4550-F32C-48D8-8EAB-91FD41167032}.Debug|Any CPU.Build.0 = Debug|Any CPU
		{7EAB4550-F32C-48D8-8EAB-91FD41167032}.Debug|x64.ActiveCfg = Debug|Any CPU
		{7EAB4550-F32C-48D8-8EAB-91FD41167032}.Debug|x64.Build.0 = Debug|Any CPU
		{7EAB4550-F32C-48D8-8EAB-91FD41167032}.Debug|x86.ActiveCfg = Debug|Any CPU
		{7EAB4550-F32C-48D8-8EAB-91FD41167032}.Debug|x86.Build.0 = Debug|Any CPU
		{7EAB4550-F32C-48D8-8EAB-91FD41167032}.Release|Any CPU.ActiveCfg = Release|Any CPU
		{7EAB4550-F32C-48D8-8EAB-91FD41167032}.Release|Any CPU.Build.0 = Release|Any CPU
		{7EAB4550-F32C-48D8-8EAB-91FD41167032}.Release|x64.ActiveCfg = Release|Any CPU
		{7EAB4550-F32C-48D8-8EAB-91FD41167032}.Release|x64.Build.0 = Release|Any CPU
		{7EAB4550-F32C-48D8-8EAB-91FD41167032}.Release|x86.ActiveCfg = Release|Any CPU
		{7EAB4550-F32C-48D8-8EAB-91FD41167032}.Release|x86.Build.0 = Release|Any CPU
	EndGlobalSection
	GlobalSection(SolutionProperties) = preSolution
		HideSolutionNode = FALSE
	EndGlobalSection
	GlobalSection(NestedProjects) = preSolution
		{D67578F1-BA36-4EF1-852A-38F7BCDB9A55} = {B66E5B8C-D14B-4AEC-A899-D4D7B3940E11}
		{DF1CEA5A-77B1-45F1-813B-C6C09B61A17F} = {D67578F1-BA36-4EF1-852A-38F7BCDB9A55}
		{50F85387-982F-4632-AE32-EF9DA8C50261} = {B66E5B8C-D14B-4AEC-A899-D4D7B3940E11}
		{4A71409B-1256-4A9A-8B91-E4B38A771923} = {50F85387-982F-4632-AE32-EF9DA8C50261}
		{49DDAECB-3C79-42BB-BEB0-567746013BD1} = {4A71409B-1256-4A9A-8B91-E4B38A771923}
		{CBA4F3E6-5310-438A-ABD8-623647F3C03B} = {50F85387-982F-4632-AE32-EF9DA8C50261}
		{68B9D351-C1D3-4C73-8A5B-2D70304DFC02} = {CBA4F3E6-5310-438A-ABD8-623647F3C03B}
		{D0ECDE6B-E086-4BC6-9092-7A5501350666} = {CBA4F3E6-5310-438A-ABD8-623647F3C03B}
		{53B41CC6-DFC0-497D-B748-8A6AD73D1D35} = {B66E5B8C-D14B-4AEC-A899-D4D7B3940E11}
		{4E9A4928-201D-430F-8923-110C682C92F4} = {53B41CC6-DFC0-497D-B748-8A6AD73D1D35}
		{FB9045E3-0DA4-4454-B2F0-63B5E9C07B29} = {B66E5B8C-D14B-4AEC-A899-D4D7B3940E11}
		{7742098A-B5A8-4729-9DB8-797E165F6CFB} = {B66E5B8C-D14B-4AEC-A899-D4D7B3940E11}
		{F69DF8A7-9C2B-4CAD-866D-157FC5EEF4E9} = {7742098A-B5A8-4729-9DB8-797E165F6CFB}
		{70E61CA3-5D92-413A-BB8A-3313E6FCF435} = {FB9045E3-0DA4-4454-B2F0-63B5E9C07B29}
		{4F45C582-62B0-4E11-9355-8C183886063B} = {B66E5B8C-D14B-4AEC-A899-D4D7B3940E11}
		{7EAB4550-F32C-48D8-8EAB-91FD41167032} = {4F45C582-62B0-4E11-9355-8C183886063B}
	EndGlobalSection
	GlobalSection(ExtensibilityGlobals) = postSolution
		SolutionGuid = {1EBFEA2A-AF8D-4321-BD15-4A4780D00EEC}
	EndGlobalSection
EndGlobal
